// !$*UTF8*$!
{
	archiveVersion = 1;
	classes = {
	};
	objectVersion = 51;
	objects = {

/* Begin PBXBuildFile section */
		84015AC723D985EC00F730C3 /* Constants.swift in Sources */ = {isa = PBXBuildFile; fileRef = 84015AC623D985EC00F730C3 /* Constants.swift */; };
		84015AC923D98FE600F730C3 /* NewsCached.swift in Sources */ = {isa = PBXBuildFile; fileRef = 84015AC823D98FE600F730C3 /* NewsCached.swift */; };
		84015ACB23D9943E00F730C3 /* RealmOps.swift in Sources */ = {isa = PBXBuildFile; fileRef = 84015ACA23D9943E00F730C3 /* RealmOps.swift */; };
		84015ACF23D9A6A400F730C3 /* NewsCell.swift in Sources */ = {isa = PBXBuildFile; fileRef = 84015ACE23D9A6A400F730C3 /* NewsCell.swift */; };
		84015AD123D9F3CC00F730C3 /* TopHeadlinesDetailsViewController.swift in Sources */ = {isa = PBXBuildFile; fileRef = 84015AD023D9F3CC00F730C3 /* TopHeadlinesDetailsViewController.swift */; };
		84015AD323D9F70000F730C3 /* EverythingDetailsViewController.swift in Sources */ = {isa = PBXBuildFile; fileRef = 84015AD223D9F70000F730C3 /* EverythingDetailsViewController.swift */; };
		84015AD523D9F76400F730C3 /* SavedDetailsViewController.swift in Sources */ = {isa = PBXBuildFile; fileRef = 84015AD423D9F76400F730C3 /* SavedDetailsViewController.swift */; };
		8425079923DA621B006CED7B /* EverythingCell.swift in Sources */ = {isa = PBXBuildFile; fileRef = 8425079823DA621B006CED7B /* EverythingCell.swift */; };
		8425079B23DA6845006CED7B /* SavedCell.swift in Sources */ = {isa = PBXBuildFile; fileRef = 8425079A23DA6845006CED7B /* SavedCell.swift */; };
		8485BD0223D75F200047D24A /* EverythingViewController.swift in Sources */ = {isa = PBXBuildFile; fileRef = 8485BD0123D75F200047D24A /* EverythingViewController.swift */; };
		8485BD0423D760500047D24A /* SavedNewsViewController.swift in Sources */ = {isa = PBXBuildFile; fileRef = 8485BD0323D760500047D24A /* SavedNewsViewController.swift */; };
		8485BD0623D7607B0047D24A /* NewsProvider.swift in Sources */ = {isa = PBXBuildFile; fileRef = 8485BD0523D7607B0047D24A /* NewsProvider.swift */; };
		8485BD0823D760940047D24A /* NetworkDataFetcher.swift in Sources */ = {isa = PBXBuildFile; fileRef = 8485BD0723D760940047D24A /* NetworkDataFetcher.swift */; };
		8485BD0A23D762100047D24A /* News.swift in Sources */ = {isa = PBXBuildFile; fileRef = 8485BD0923D762100047D24A /* News.swift */; };
		849D571E23D755B200731985 /* AppDelegate.swift in Sources */ = {isa = PBXBuildFile; fileRef = 849D571D23D755B200731985 /* AppDelegate.swift */; };
		849D572023D755B200731985 /* SceneDelegate.swift in Sources */ = {isa = PBXBuildFile; fileRef = 849D571F23D755B200731985 /* SceneDelegate.swift */; };
		849D572223D755B200731985 /* TopHeadlinesViewController.swift in Sources */ = {isa = PBXBuildFile; fileRef = 849D572123D755B200731985 /* TopHeadlinesViewController.swift */; };
		849D572523D755B200731985 /* Main.storyboard in Resources */ = {isa = PBXBuildFile; fileRef = 849D572323D755B200731985 /* Main.storyboard */; };
		849D572723D755B300731985 /* Assets.xcassets in Resources */ = {isa = PBXBuildFile; fileRef = 849D572623D755B300731985 /* Assets.xcassets */; };
		849D572A23D755B300731985 /* LaunchScreen.storyboard in Resources */ = {isa = PBXBuildFile; fileRef = 849D572823D755B300731985 /* LaunchScreen.storyboard */; };
		DC7A757389928F2451658B64 /* Pods_Test_case.framework in Frameworks */ = {isa = PBXBuildFile; fileRef = A2B4A3B131B21E525DB392A7 /* Pods_Test_case.framework */; };
/* End PBXBuildFile section */

/* Begin PBXFileReference section */
		1F301EFD6F666F09F18C3187 /* Pods-Test_case.release.xcconfig */ = {isa = PBXFileReference; includeInIndex = 1; lastKnownFileType = text.xcconfig; name = "Pods-Test_case.release.xcconfig"; path = "Target Support Files/Pods-Test_case/Pods-Test_case.release.xcconfig"; sourceTree = "<group>"; };
		84015AC623D985EC00F730C3 /* Constants.swift */ = {isa = PBXFileReference; lastKnownFileType = sourcecode.swift; path = Constants.swift; sourceTree = "<group>"; };
		84015AC823D98FE600F730C3 /* NewsCached.swift */ = {isa = PBXFileReference; lastKnownFileType = sourcecode.swift; path = NewsCached.swift; sourceTree = "<group>"; };
		84015ACA23D9943E00F730C3 /* RealmOps.swift */ = {isa = PBXFileReference; lastKnownFileType = sourcecode.swift; path = RealmOps.swift; sourceTree = "<group>"; };
		84015ACE23D9A6A400F730C3 /* NewsCell.swift */ = {isa = PBXFileReference; lastKnownFileType = sourcecode.swift; path = NewsCell.swift; sourceTree = "<group>"; };
		84015AD023D9F3CC00F730C3 /* TopHeadlinesDetailsViewController.swift */ = {isa = PBXFileReference; lastKnownFileType = sourcecode.swift; path = TopHeadlinesDetailsViewController.swift; sourceTree = "<group>"; };
		84015AD223D9F70000F730C3 /* EverythingDetailsViewController.swift */ = {isa = PBXFileReference; lastKnownFileType = sourcecode.swift; path = EverythingDetailsViewController.swift; sourceTree = "<group>"; };
		84015AD423D9F76400F730C3 /* SavedDetailsViewController.swift */ = {isa = PBXFileReference; lastKnownFileType = sourcecode.swift; path = SavedDetailsViewController.swift; sourceTree = "<group>"; };
		8425079823DA621B006CED7B /* EverythingCell.swift */ = {isa = PBXFileReference; lastKnownFileType = sourcecode.swift; path = EverythingCell.swift; sourceTree = "<group>"; };
		8425079A23DA6845006CED7B /* SavedCell.swift */ = {isa = PBXFileReference; lastKnownFileType = sourcecode.swift; path = SavedCell.swift; sourceTree = "<group>"; };
		8485BD0123D75F200047D24A /* EverythingViewController.swift */ = {isa = PBXFileReference; lastKnownFileType = sourcecode.swift; path = EverythingViewController.swift; sourceTree = "<group>"; };
		8485BD0323D760500047D24A /* SavedNewsViewController.swift */ = {isa = PBXFileReference; lastKnownFileType = sourcecode.swift; path = SavedNewsViewController.swift; sourceTree = "<group>"; };
		8485BD0523D7607B0047D24A /* NewsProvider.swift */ = {isa = PBXFileReference; lastKnownFileType = sourcecode.swift; path = NewsProvider.swift; sourceTree = "<group>"; };
		8485BD0723D760940047D24A /* NetworkDataFetcher.swift */ = {isa = PBXFileReference; lastKnownFileType = sourcecode.swift; path = NetworkDataFetcher.swift; sourceTree = "<group>"; };
		8485BD0923D762100047D24A /* News.swift */ = {isa = PBXFileReference; lastKnownFileType = sourcecode.swift; path = News.swift; sourceTree = "<group>"; };
		849D571A23D755B200731985 /* Test_case.app */ = {isa = PBXFileReference; explicitFileType = wrapper.application; includeInIndex = 0; path = Test_case.app; sourceTree = BUILT_PRODUCTS_DIR; };
		849D571D23D755B200731985 /* AppDelegate.swift */ = {isa = PBXFileReference; lastKnownFileType = sourcecode.swift; path = AppDelegate.swift; sourceTree = "<group>"; };
		849D571F23D755B200731985 /* SceneDelegate.swift */ = {isa = PBXFileReference; lastKnownFileType = sourcecode.swift; path = SceneDelegate.swift; sourceTree = "<group>"; };
		849D572123D755B200731985 /* TopHeadlinesViewController.swift */ = {isa = PBXFileReference; lastKnownFileType = sourcecode.swift; path = TopHeadlinesViewController.swift; sourceTree = "<group>"; };
		849D572423D755B200731985 /* Base */ = {isa = PBXFileReference; lastKnownFileType = file.storyboard; name = Base; path = Base.lproj/Main.storyboard; sourceTree = "<group>"; };
		849D572623D755B300731985 /* Assets.xcassets */ = {isa = PBXFileReference; lastKnownFileType = folder.assetcatalog; path = Assets.xcassets; sourceTree = "<group>"; };
		849D572923D755B300731985 /* Base */ = {isa = PBXFileReference; lastKnownFileType = file.storyboard; name = Base; path = Base.lproj/LaunchScreen.storyboard; sourceTree = "<group>"; };
		849D572B23D755B300731985 /* Info.plist */ = {isa = PBXFileReference; lastKnownFileType = text.plist.xml; path = Info.plist; sourceTree = "<group>"; };
		9D742E206F30BD464CA2B085 /* Pods-Test_case.debug.xcconfig */ = {isa = PBXFileReference; includeInIndex = 1; lastKnownFileType = text.xcconfig; name = "Pods-Test_case.debug.xcconfig"; path = "Target Support Files/Pods-Test_case/Pods-Test_case.debug.xcconfig"; sourceTree = "<group>"; };
		A2B4A3B131B21E525DB392A7 /* Pods_Test_case.framework */ = {isa = PBXFileReference; explicitFileType = wrapper.framework; includeInIndex = 0; path = Pods_Test_case.framework; sourceTree = BUILT_PRODUCTS_DIR; };
/* End PBXFileReference section */

/* Begin PBXFrameworksBuildPhase section */
		849D571723D755B200731985 /* Frameworks */ = {
			isa = PBXFrameworksBuildPhase;
			buildActionMask = 2147483647;
			files = (
				DC7A757389928F2451658B64 /* Pods_Test_case.framework in Frameworks */,
			);
			runOnlyForDeploymentPostprocessing = 0;
		};
/* End PBXFrameworksBuildPhase section */

/* Begin PBXGroup section */
		849D571123D755B200731985 = {
			isa = PBXGroup;
			children = (
				849D571C23D755B200731985 /* Test_case */,
				849D571B23D755B200731985 /* Products */,
				FD918D6C69E498D336DC7A5E /* Pods */,
				C67BE791B45040B2C935C672 /* Frameworks */,
			);
			sourceTree = "<group>";
		};
		849D571B23D755B200731985 /* Products */ = {
			isa = PBXGroup;
			children = (
				849D571A23D755B200731985 /* Test_case.app */,
			);
			name = Products;
			sourceTree = "<group>";
		};
		849D571C23D755B200731985 /* Test_case */ = {
			isa = PBXGroup;
			children = (
				849D573323D7592100731985 /* Controller */,
				849D573223D7591C00731985 /* View */,
				849D573123D7591600731985 /* Model */,
				849D571D23D755B200731985 /* AppDelegate.swift */,
				849D571F23D755B200731985 /* SceneDelegate.swift */,
				849D572623D755B300731985 /* Assets.xcassets */,
				849D572823D755B300731985 /* LaunchScreen.storyboard */,
				849D572B23D755B300731985 /* Info.plist */,
			);
			path = Test_case;
			sourceTree = "<group>";
		};
		849D573123D7591600731985 /* Model */ = {
			isa = PBXGroup;
			children = (
				8485BD0523D7607B0047D24A /* NewsProvider.swift */,
				8485BD0723D760940047D24A /* NetworkDataFetcher.swift */,
				8485BD0923D762100047D24A /* News.swift */,
				84015AC823D98FE600F730C3 /* NewsCached.swift */,
				84015AC623D985EC00F730C3 /* Constants.swift */,
				84015ACA23D9943E00F730C3 /* RealmOps.swift */,
			);
			path = Model;
			sourceTree = "<group>";
		};
		849D573223D7591C00731985 /* View */ = {
			isa = PBXGroup;
			children = (
				849D572323D755B200731985 /* Main.storyboard */,
				84015ACE23D9A6A400F730C3 /* NewsCell.swift */,
				8425079823DA621B006CED7B /* EverythingCell.swift */,
				8425079A23DA6845006CED7B /* SavedCell.swift */,
			);
			path = View;
			sourceTree = "<group>";
		};
		849D573323D7592100731985 /* Controller */ = {
			isa = PBXGroup;
			children = (
				849D572123D755B200731985 /* TopHeadlinesViewController.swift */,
				8485BD0123D75F200047D24A /* EverythingViewController.swift */,
				8485BD0323D760500047D24A /* SavedNewsViewController.swift */,
				84015AD023D9F3CC00F730C3 /* TopHeadlinesDetailsViewController.swift */,
				84015AD223D9F70000F730C3 /* EverythingDetailsViewController.swift */,
				84015AD423D9F76400F730C3 /* SavedDetailsViewController.swift */,
			);
			path = Controller;
			sourceTree = "<group>";
		};
		C67BE791B45040B2C935C672 /* Frameworks */ = {
			isa = PBXGroup;
			children = (
				A2B4A3B131B21E525DB392A7 /* Pods_Test_case.framework */,
			);
			name = Frameworks;
			sourceTree = "<group>";
		};
		FD918D6C69E498D336DC7A5E /* Pods */ = {
			isa = PBXGroup;
			children = (
				9D742E206F30BD464CA2B085 /* Pods-Test_case.debug.xcconfig */,
				1F301EFD6F666F09F18C3187 /* Pods-Test_case.release.xcconfig */,
			);
			path = Pods;
			sourceTree = "<group>";
		};
/* End PBXGroup section */

/* Begin PBXNativeTarget section */
		849D571923D755B200731985 /* Test_case */ = {
			isa = PBXNativeTarget;
			buildConfigurationList = 849D572E23D755B300731985 /* Build configuration list for PBXNativeTarget "Test_case" */;
			buildPhases = (
				4184E8944A8C3745A52BDC3F /* [CP] Check Pods Manifest.lock */,
				849D571623D755B200731985 /* Sources */,
				849D571723D755B200731985 /* Frameworks */,
				849D571823D755B200731985 /* Resources */,
				4810099374D67E8C4BCC762F /* [CP] Embed Pods Frameworks */,
			);
			buildRules = (
			);
			dependencies = (
			);
			name = Test_case;
			productName = Test_case;
			productReference = 849D571A23D755B200731985 /* Test_case.app */;
			productType = "com.apple.product-type.application";
		};
/* End PBXNativeTarget section */

/* Begin PBXProject section */
		849D571223D755B200731985 /* Project object */ = {
			isa = PBXProject;
			attributes = {
				LastSwiftUpdateCheck = 1130;
				LastUpgradeCheck = 1130;
				ORGANIZATIONNAME = 123;
				TargetAttributes = {
					849D571923D755B200731985 = {
						CreatedOnToolsVersion = 11.3.1;
					};
				};
			};
			buildConfigurationList = 849D571523D755B200731985 /* Build configuration list for PBXProject "Test_case" */;
			compatibilityVersion = "Xcode 9.3";
			developmentRegion = en;
			hasScannedForEncodings = 0;
			knownRegions = (
				en,
				Base,
			);
			mainGroup = 849D571123D755B200731985;
			productRefGroup = 849D571B23D755B200731985 /* Products */;
			projectDirPath = "";
			projectRoot = "";
			targets = (
				849D571923D755B200731985 /* Test_case */,
			);
		};
/* End PBXProject section */

/* Begin PBXResourcesBuildPhase section */
		849D571823D755B200731985 /* Resources */ = {
			isa = PBXResourcesBuildPhase;
			buildActionMask = 2147483647;
			files = (
				849D572A23D755B300731985 /* LaunchScreen.storyboard in Resources */,
				849D572723D755B300731985 /* Assets.xcassets in Resources */,
				849D572523D755B200731985 /* Main.storyboard in Resources */,
			);
			runOnlyForDeploymentPostprocessing = 0;
		};
/* End PBXResourcesBuildPhase section */

/* Begin PBXShellScriptBuildPhase section */
		4184E8944A8C3745A52BDC3F /* [CP] Check Pods Manifest.lock */ = {
			isa = PBXShellScriptBuildPhase;
			buildActionMask = 2147483647;
			files = (
			);
			inputFileListPaths = (
			);
			inputPaths = (
				"${PODS_PODFILE_DIR_PATH}/Podfile.lock",
				"${PODS_ROOT}/Manifest.lock",
			);
			name = "[CP] Check Pods Manifest.lock";
			outputFileListPaths = (
			);
			outputPaths = (
				"$(DERIVED_FILE_DIR)/Pods-Test_case-checkManifestLockResult.txt",
			);
			runOnlyForDeploymentPostprocessing = 0;
			shellPath = /bin/sh;
			shellScript = "diff \"${PODS_PODFILE_DIR_PATH}/Podfile.lock\" \"${PODS_ROOT}/Manifest.lock\" > /dev/null\nif [ $? != 0 ] ; then\n    # print error to STDERR\n    echo \"error: The sandbox is not in sync with the Podfile.lock. Run 'pod install' or update your CocoaPods installation.\" >&2\n    exit 1\nfi\n# This output is used by Xcode 'outputs' to avoid re-running this script phase.\necho \"SUCCESS\" > \"${SCRIPT_OUTPUT_FILE_0}\"\n";
			showEnvVarsInLog = 0;
		};
		4810099374D67E8C4BCC762F /* [CP] Embed Pods Frameworks */ = {
			isa = PBXShellScriptBuildPhase;
			buildActionMask = 2147483647;
			files = (
			);
			inputFileListPaths = (
				"${PODS_ROOT}/Target Support Files/Pods-Test_case/Pods-Test_case-frameworks-${CONFIGURATION}-input-files.xcfilelist",
			);
			name = "[CP] Embed Pods Frameworks";
			outputFileListPaths = (
				"${PODS_ROOT}/Target Support Files/Pods-Test_case/Pods-Test_case-frameworks-${CONFIGURATION}-output-files.xcfilelist",
			);
			runOnlyForDeploymentPostprocessing = 0;
			shellPath = /bin/sh;
			shellScript = "\"${PODS_ROOT}/Target Support Files/Pods-Test_case/Pods-Test_case-frameworks.sh\"\n";
			showEnvVarsInLog = 0;
		};
/* End PBXShellScriptBuildPhase section */

/* Begin PBXSourcesBuildPhase section */
		849D571623D755B200731985 /* Sources */ = {
			isa = PBXSourcesBuildPhase;
			buildActionMask = 2147483647;
			files = (
				8485BD0823D760940047D24A /* NetworkDataFetcher.swift in Sources */,
				8425079B23DA6845006CED7B /* SavedCell.swift in Sources */,
				849D572223D755B200731985 /* TopHeadlinesViewController.swift in Sources */,
				8425079923DA621B006CED7B /* EverythingCell.swift in Sources */,
				84015ACF23D9A6A400F730C3 /* NewsCell.swift in Sources */,
				8485BD0A23D762100047D24A /* News.swift in Sources */,
				8485BD0623D7607B0047D24A /* NewsProvider.swift in Sources */,
				84015AC923D98FE600F730C3 /* NewsCached.swift in Sources */,
				84015AD523D9F76400F730C3 /* SavedDetailsViewController.swift in Sources */,
				8485BD0223D75F200047D24A /* EverythingViewController.swift in Sources */,
				84015AD123D9F3CC00F730C3 /* TopHeadlinesDetailsViewController.swift in Sources */,
				849D571E23D755B200731985 /* AppDelegate.swift in Sources */,
				84015AD323D9F70000F730C3 /* EverythingDetailsViewController.swift in Sources */,
				84015ACB23D9943E00F730C3 /* RealmOps.swift in Sources */,
				849D572023D755B200731985 /* SceneDelegate.swift in Sources */,
				8485BD0423D760500047D24A /* SavedNewsViewController.swift in Sources */,
				84015AC723D985EC00F730C3 /* Constants.swift in Sources */,
			);
			runOnlyForDeploymentPostprocessing = 0;
		};
/* End PBXSourcesBuildPhase section */

/* Begin PBXVariantGroup section */
		849D572323D755B200731985 /* Main.storyboard */ = {
			isa = PBXVariantGroup;
			children = (
				849D572423D755B200731985 /* Base */,
			);
			name = Main.storyboard;
			sourceTree = "<group>";
		};
		849D572823D755B300731985 /* LaunchScreen.storyboard */ = {
			isa = PBXVariantGroup;
			children = (
				849D572923D755B300731985 /* Base */,
			);
			name = LaunchScreen.storyboard;
			sourceTree = "<group>";
		};
/* End PBXVariantGroup section */

/* Begin XCBuildConfiguration section */
		849D572C23D755B300731985 /* Debug */ = {
			isa = XCBuildConfiguration;
			buildSettings = {
				ALWAYS_SEARCH_USER_PATHS = NO;
				CLANG_ANALYZER_NONNULL = YES;
				CLANG_ANALYZER_NUMBER_OBJECT_CONVERSION = YES_AGGRESSIVE;
				CLANG_CXX_LANGUAGE_STANDARD = "gnu++14";
				CLANG_CXX_LIBRARY = "libc++";
				CLANG_ENABLE_MODULES = YES;
				CLANG_ENABLE_OBJC_ARC = YES;
				CLANG_ENABLE_OBJC_WEAK = YES;
				CLANG_WARN_BLOCK_CAPTURE_AUTORELEASING = YES;
				CLANG_WARN_BOOL_CONVERSION = YES;
				CLANG_WARN_COMMA = YES;
				CLANG_WARN_CONSTANT_CONVERSION = YES;
				CLANG_WARN_DEPRECATED_OBJC_IMPLEMENTATIONS = YES;
				CLANG_WARN_DIRECT_OBJC_ISA_USAGE = YES_ERROR;
				CLANG_WARN_DOCUMENTATION_COMMENTS = YES;
				CLANG_WARN_EMPTY_BODY = YES;
				CLANG_WARN_ENUM_CONVERSION = YES;
				CLANG_WARN_INFINITE_RECURSION = YES;
				CLANG_WARN_INT_CONVERSION = YES;
				CLANG_WARN_NON_LITERAL_NULL_CONVERSION = YES;
				CLANG_WARN_OBJC_IMPLICIT_RETAIN_SELF = YES;
				CLANG_WARN_OBJC_LITERAL_CONVERSION = YES;
				CLANG_WARN_OBJC_ROOT_CLASS = YES_ERROR;
				CLANG_WARN_RANGE_LOOP_ANALYSIS = YES;
				CLANG_WARN_STRICT_PROTOTYPES = YES;
				CLANG_WARN_SUSPICIOUS_MOVE = YES;
				CLANG_WARN_UNGUARDED_AVAILABILITY = YES_AGGRESSIVE;
				CLANG_WARN_UNREACHABLE_CODE = YES;
				CLANG_WARN__DUPLICATE_METHOD_MATCH = YES;
				COPY_PHASE_STRIP = NO;
				DEBUG_INFORMATION_FORMAT = dwarf;
				ENABLE_STRICT_OBJC_MSGSEND = YES;
				ENABLE_TESTABILITY = YES;
				GCC_C_LANGUAGE_STANDARD = gnu11;
				GCC_DYNAMIC_NO_PIC = NO;
				GCC_NO_COMMON_BLOCKS = YES;
				GCC_OPTIMIZATION_LEVEL = 0;
				GCC_PREPROCESSOR_DEFINITIONS = (
					"DEBUG=1",
					"$(inherited)",
				);
				GCC_WARN_64_TO_32_BIT_CONVERSION = YES;
				GCC_WARN_ABOUT_RETURN_TYPE = YES_ERROR;
				GCC_WARN_UNDECLARED_SELECTOR = YES;
				GCC_WARN_UNINITIALIZED_AUTOS = YES_AGGRESSIVE;
				GCC_WARN_UNUSED_FUNCTION = YES;
				GCC_WARN_UNUSED_VARIABLE = YES;
				IPHONEOS_DEPLOYMENT_TARGET = 13.2;
				MTL_ENABLE_DEBUG_INFO = INCLUDE_SOURCE;
				MTL_FAST_MATH = YES;
				ONLY_ACTIVE_ARCH = YES;
				SDKROOT = iphoneos;
				SWIFT_ACTIVE_COMPILATION_CONDITIONS = DEBUG;
				SWIFT_OPTIMIZATION_LEVEL = "-Onone";
			};
			name = Debug;
		};
		849D572D23D755B300731985 /* Release */ = {
			isa = XCBuildConfiguration;
			buildSettings = {
				ALWAYS_SEARCH_USER_PATHS = NO;
				CLANG_ANALYZER_NONNULL = YES;
				CLANG_ANALYZER_NUMBER_OBJECT_CONVERSION = YES_AGGRESSIVE;
				CLANG_CXX_LANGUAGE_STANDARD = "gnu++14";
				CLANG_CXX_LIBRARY = "libc++";
				CLANG_ENABLE_MODULES = YES;
				CLANG_ENABLE_OBJC_ARC = YES;
				CLANG_ENABLE_OBJC_WEAK = YES;
				CLANG_WARN_BLOCK_CAPTURE_AUTORELEASING = YES;
				CLANG_WARN_BOOL_CONVERSION = YES;
				CLANG_WARN_COMMA = YES;
				CLANG_WARN_CONSTANT_CONVERSION = YES;
				CLANG_WARN_DEPRECATED_OBJC_IMPLEMENTATIONS = YES;
				CLANG_WARN_DIRECT_OBJC_ISA_USAGE = YES_ERROR;
				CLANG_WARN_DOCUMENTATION_COMMENTS = YES;
				CLANG_WARN_EMPTY_BODY = YES;
				CLANG_WARN_ENUM_CONVERSION = YES;
				CLANG_WARN_INFINITE_RECURSION = YES;
				CLANG_WARN_INT_CONVERSION = YES;
				CLANG_WARN_NON_LITERAL_NULL_CONVERSION = YES;
				CLANG_WARN_OBJC_IMPLICIT_RETAIN_SELF = YES;
				CLANG_WARN_OBJC_LITERAL_CONVERSION = YES;
				CLANG_WARN_OBJC_ROOT_CLASS = YES_ERROR;
				CLANG_WARN_RANGE_LOOP_ANALYSIS = YES;
				CLANG_WARN_STRICT_PROTOTYPES = YES;
				CLANG_WARN_SUSPICIOUS_MOVE = YES;
				CLANG_WARN_UNGUARDED_AVAILABILITY = YES_AGGRESSIVE;
				CLANG_WARN_UNREACHABLE_CODE = YES;
				CLANG_WARN__DUPLICATE_METHOD_MATCH = YES;
				COPY_PHASE_STRIP = NO;
				DEBUG_INFORMATION_FORMAT = "dwarf-with-dsym";
				ENABLE_NS_ASSERTIONS = NO;
				ENABLE_STRICT_OBJC_MSGSEND = YES;
				GCC_C_LANGUAGE_STANDARD = gnu11;
				GCC_NO_COMMON_BLOCKS = YES;
				GCC_WARN_64_TO_32_BIT_CONVERSION = YES;
				GCC_WARN_ABOUT_RETURN_TYPE = YES_ERROR;
				GCC_WARN_UNDECLARED_SELECTOR = YES;
				GCC_WARN_UNINITIALIZED_AUTOS = YES_AGGRESSIVE;
				GCC_WARN_UNUSED_FUNCTION = YES;
				GCC_WARN_UNUSED_VARIABLE = YES;
				IPHONEOS_DEPLOYMENT_TARGET = 13.2;
				MTL_ENABLE_DEBUG_INFO = NO;
				MTL_FAST_MATH = YES;
				SDKROOT = iphoneos;
				SWIFT_COMPILATION_MODE = wholemodule;
				SWIFT_OPTIMIZATION_LEVEL = "-O";
				VALIDATE_PRODUCT = YES;
			};
			name = Release;
		};
		849D572F23D755B300731985 /* Debug */ = {
			isa = XCBuildConfiguration;
			baseConfigurationReference = 9D742E206F30BD464CA2B085 /* Pods-Test_case.debug.xcconfig */;
			buildSettings = {
				ASSETCATALOG_COMPILER_APPICON_NAME = AppIcon;
				CODE_SIGN_STYLE = Automatic;
				DEVELOPMENT_TEAM = WV8GK5K478;
				INFOPLIST_FILE = Test_case/Info.plist;
				LD_RUNPATH_SEARCH_PATHS = (
					"$(inherited)",
					"@executable_path/Frameworks",
				);
				PRODUCT_BUNDLE_IDENTIFIER = "com.Test-case";
				PRODUCT_NAME = "$(TARGET_NAME)";
				SWIFT_VERSION = 5.0;
				TARGETED_DEVICE_FAMILY = 1;
			};
			name = Debug;
		};
		849D573023D755B300731985 /* Release */ = {
			isa = XCBuildConfiguration;
			baseConfigurationReference = 1F301EFD6F666F09F18C3187 /* Pods-Test_case.release.xcconfig */;
			buildSettings = {
				ASSETCATALOG_COMPILER_APPICON_NAME = AppIcon;
				CODE_SIGN_STYLE = Automatic;
				DEVELOPMENT_TEAM = WV8GK5K478;
				INFOPLIST_FILE = Test_case/Info.plist;
				LD_RUNPATH_SEARCH_PATHS = (
					"$(inherited)",
					"@executable_path/Frameworks",
				);
				PRODUCT_BUNDLE_IDENTIFIER = "com.Test-case";
				PRODUCT_NAME = "$(TARGET_NAME)";
				SWIFT_VERSION = 5.0;
				TARGETED_DEVICE_FAMILY = 1;
			};
			name = Release;
		};
/* End XCBuildConfiguration section */

/* Begin XCConfigurationList section */
		849D571523D755B200731985 /* Build configuration list for PBXProject "Test_case" */ = {
			isa = XCConfigurationList;
			buildConfigurations = (
				849D572C23D755B300731985 /* Debug */,
				849D572D23D755B300731985 /* Release */,
			);
			defaultConfigurationIsVisible = 0;
			defaultConfigurationName = Release;
		};
		849D572E23D755B300731985 /* Build configuration list for PBXNativeTarget "Test_case" */ = {
			isa = XCConfigurationList;
			buildConfigurations = (
				849D572F23D755B300731985 /* Debug */,
				849D573023D755B300731985 /* Release */,
			);
			defaultConfigurationIsVisible = 0;
			defaultConfigurationName = Release;
		};
/* End XCConfigurationList section */
	};
	rootObject = 849D571223D755B200731985 /* Project object */;
}
